
Microsoft Visual Studio Solution File, Format Version 12.00
# Visual Studio 15
VisualStudioVersion = 15.0.27130.2026
MinimumVisualStudioVersion = 10.0.40219.1
Project("{FAE04EC0-301F-11D3-BF4B-00C04F79EFBC}") = "GigHub", "GigHub\GigHub.csproj", "{DB0B4263-92CC-4D2E-A144-241E45F43E32}"
EndProject
Project("{FAE04EC0-301F-11D3-BF4B-00C04F79EFBC}") = "GigHub.Tests", "GigHub.Tests\GigHub.Tests.csproj", "{640D0EE4-B0E1-470B-B3C6-A9CC272AC964}"
EndProject
Global
	GlobalSection(SolutionConfigurationPlatforms) = preSolution
		Debug|Any CPU = Debug|Any CPU
		Release|Any CPU = Release|Any CPU
	EndGlobalSection
	GlobalSection(ProjectConfigurationPlatforms) = postSolution
		{DB0B4263-92CC-4D2E-A144-241E45F43E32}.Debug|Any CPU.ActiveCfg = Debug|Any CPU
		{DB0B4263-92CC-4D2E-A144-241E45F43E32}.Debug|Any CPU.Build.0 = Debug|Any CPU
		{DB0B4263-92CC-4D2E-A144-241E45F43E32}.Release|Any CPU.ActiveCfg = Release|Any CPU
		{DB0B4263-92CC-4D2E-A144-241E45F43E32}.Release|Any CPU.Build.0 = Release|Any CPU
		{640D0EE4-B0E1-470B-B3C6-A9CC272AC964}.Debug|Any CPU.ActiveCfg = Debug|Any CPU
		{640D0EE4-B0E1-470B-B3C6-A9CC272AC964}.Debug|Any CPU.Build.0 = Debug|Any CPU
		{640D0EE4-B0E1-470B-B3C6-A9CC272AC964}.Release|Any CPU.ActiveCfg = Release|Any CPU
		{640D0EE4-B0E1-470B-B3C6-A9CC272AC964}.Release|Any CPU.Build.0 = Release|Any CPU
	EndGlobalSection
	GlobalSection(SolutionProperties) = preSolution
		HideSolutionNode = FALSE
	EndGlobalSection
	GlobalSection(ExtensibilityGlobals) = postSolution
		SolutionGuid = {39FEE49D-D303-422E-AFCB-C928C0E3D928}
	EndGlobalSection
EndGlobal
